
Microsoft Visual Studio Solution File, Format Version 12.00
# Visual Studio 15
VisualStudioVersion = 15.0.26430.12
MinimumVisualStudioVersion = 10.0.40219.1
Project("{9A19103F-16F7-4668-BE54-9A1E7A4F7556}") = "FredsImageMagickScripts.NET", "src\FredsImageMagickScripts.NET\FredsImageMagickScripts.NET.csproj", "{7BFF53D0-7D83-444B-A061-BDBFE35F4F1E}"
EndProject
Project("{9A19103F-16F7-4668-BE54-9A1E7A4F7556}") = "FredsImageMagickScripts.NET.Tests", "Tests\FredsImageMagickScripts.NET.Tests\FredsImageMagickScripts.NET.Tests.csproj", "{6C392642-0CFB-4296-AFED-14E63943C4E3}"
EndProject
Project("{2150E333-8FDC-42A3-9474-1A3956D46DE8}") = "Tools", "Tools", "{9B260F88-85D3-44B8-BDED-3279DDEEF8E9}"
EndProject
Project("{2150E333-8FDC-42A3-9474-1A3956D46DE8}") = "AppVeyor", "AppVeyor", "{B00B1601-C840-4244-8E3B-DE80359D92DE}"
	ProjectSection(SolutionItems) = preProject
		Tools\AppVeyor\Build.cmd = Tools\AppVeyor\Build.cmd
		Tools\AppVeyor\packages.config = Tools\AppVeyor\packages.config
		Tools\AppVeyor\Test.cmd = Tools\AppVeyor\Test.cmd
		Tools\AppVeyor\VsDevCmd.cmd = Tools\AppVeyor\VsDevCmd.cmd
	EndProjectSection
EndProject
Project("{2150E333-8FDC-42A3-9474-1A3956D46DE8}") = "Scripts", "Scripts", "{27E023F4-67BB-4C92-91B8-3510D52E2914}"
	ProjectSection(SolutionItems) = preProject
		Tools\Scripts\Publish.ps1 = Tools\Scripts\Publish.ps1
	EndProjectSection
EndProject
Project("{2150E333-8FDC-42A3-9474-1A3956D46DE8}") = "Shared", "Shared", "{05BBF0EA-2A49-42A6-9F6C-B7757378390E}"
	ProjectSection(SolutionItems) = preProject
		Tools\Scripts\Shared\Build.ps1 = Tools\Scripts\Shared\Build.ps1
		Tools\Scripts\Shared\Functions.ps1 = Tools\Scripts\Shared\Functions.ps1
	EndProjectSection
EndProject
Project("{2150E333-8FDC-42A3-9474-1A3956D46DE8}") = "AppVeyor", "AppVeyor", "{7365D183-9D27-47B4-89FC-73B82D27D6EB}"
	ProjectSection(SolutionItems) = preProject
		Tools\Scripts\AppVeyor\Build.ps1 = Tools\Scripts\AppVeyor\Build.ps1
	EndProjectSection
EndProject
Global
	GlobalSection(SolutionConfigurationPlatforms) = preSolution
		Debug|x86 = Debug|x86
		Release|x86 = Release|x86
		Test|x86 = Test|x86
	EndGlobalSection
	GlobalSection(ProjectConfigurationPlatforms) = postSolution
		{7BFF53D0-7D83-444B-A061-BDBFE35F4F1E}.Debug|x86.ActiveCfg = Debug|x86
		{7BFF53D0-7D83-444B-A061-BDBFE35F4F1E}.Debug|x86.Build.0 = Debug|x86
		{7BFF53D0-7D83-444B-A061-BDBFE35F4F1E}.Release|x86.ActiveCfg = Release|x86
		{7BFF53D0-7D83-444B-A061-BDBFE35F4F1E}.Release|x86.Build.0 = Release|x86
		{7BFF53D0-7D83-444B-A061-BDBFE35F4F1E}.Test|x86.ActiveCfg = Test|x86
		{7BFF53D0-7D83-444B-A061-BDBFE35F4F1E}.Test|x86.Build.0 = Test|x86
		{6C392642-0CFB-4296-AFED-14E63943C4E3}.Debug|x86.ActiveCfg = Debug|x86
		{6C392642-0CFB-4296-AFED-14E63943C4E3}.Debug|x86.Build.0 = Debug|x86
		{6C392642-0CFB-4296-AFED-14E63943C4E3}.Release|x86.ActiveCfg = Test|x86
		{6C392642-0CFB-4296-AFED-14E63943C4E3}.Release|x86.Build.0 = Test|x86
		{6C392642-0CFB-4296-AFED-14E63943C4E3}.Test|x86.ActiveCfg = Test|x86
		{6C392642-0CFB-4296-AFED-14E63943C4E3}.Test|x86.Build.0 = Test|x86
	EndGlobalSection
	GlobalSection(SolutionProperties) = preSolution
		HideSolutionNode = FALSE
	EndGlobalSection
	GlobalSection(NestedProjects) = preSolution
		{B00B1601-C840-4244-8E3B-DE80359D92DE} = {9B260F88-85D3-44B8-BDED-3279DDEEF8E9}
		{27E023F4-67BB-4C92-91B8-3510D52E2914} = {9B260F88-85D3-44B8-BDED-3279DDEEF8E9}
		{05BBF0EA-2A49-42A6-9F6C-B7757378390E} = {27E023F4-67BB-4C92-91B8-3510D52E2914}
		{7365D183-9D27-47B4-89FC-73B82D27D6EB} = {27E023F4-67BB-4C92-91B8-3510D52E2914}
	EndGlobalSection
	GlobalSection(ExtensibilityGlobals) = postSolution
		SolutionGuid = {9764ADD2-BFE7-4056-A065-57C5742ABA0B}
	EndGlobalSection
EndGlobal
